
Microsoft Visual Studio Solution File, Format Version 12.00
# Visual Studio Version 16
VisualStudioVersion = 16.0.31702.278
MinimumVisualStudioVersion = 10.0.40219.1
Project("{FAE04EC0-301F-11D3-BF4B-00C04F79EFBC}") = "LAB-9", "LAB-9.csproj", "{589EB3BA-79BE-4220-8F75-CDFDC3A93DB8}"
EndProject
Global
	GlobalSection(SolutionConfigurationPlatforms) = preSolution
		Debug|Any CPU = Debug|Any CPU
		Release|Any CPU = Release|Any CPU
	EndGlobalSection
	GlobalSection(ProjectConfigurationPlatforms) = postSolution
		{589EB3BA-79BE-4220-8F75-CDFDC3A93DB8}.Debug|Any CPU.ActiveCfg = Debug|Any CPU
		{589EB3BA-79BE-4220-8F75-CDFDC3A93DB8}.Debug|Any CPU.Build.0 = Debug|Any CPU
		{589EB3BA-79BE-4220-8F75-CDFDC3A93DB8}.Release|Any CPU.ActiveCfg = Release|Any CPU
		{589EB3BA-79BE-4220-8F75-CDFDC3A93DB8}.Release|Any CPU.Build.0 = Release|Any CPU
	EndGlobalSection
	GlobalSection(SolutionProperties) = preSolution
		HideSolutionNode = FALSE
	EndGlobalSection
	GlobalSection(ExtensibilityGlobals) = postSolution
		SolutionGuid = {CAFBC743-F1B6-46D5-91D5-282721FAC085}
	EndGlobalSection
EndGlobal
